{
  "nodes": {
    "ambxst": {
      "inputs": {
        "axctl": "axctl",
        "nixpkgs": [
          "nixpkgs"
        ]
      },
      "locked": {
        "lastModified": 1788268997,
        "narHash": "sha256-qEYrL0azI6FrBp0A6bnKVQfDoxen+3ezqPCr77418OQ=",
        "owner": "Axenide",
        "repo": "ambxst",
        "rev": "b862ffaa80a1a555a9943291b0f836db9d09166b",
        "type": "github"
      },
      "original": {
        "owner": "Axenide",
        "repo": "ambxst",
        "type": "github"
      }
    },
    "axctl": {
      "inputs": {
        "nixpkgs": [
          "ambxst",
          "nixpkgs"
        ]
      },
      "locked": {
        "lastModified": 1788216109,
        "narHash": "sha256-KDCgCZICFXONElb9FZqp6stPxeGvCBRHa5Em12pyT0I=",
        "owner": "Axenide",
        "repo": "axctl",
        "rev": "dff27eccd45b41eda6aeedc196cb9a43dd53b930",
        "type": "github"
      },
      "original": {
        "owner": "Axenide",
        "repo": "axctl",
        "type": "github"
      }
    },
    "helium": {
      "inputs": {
        "nixpkgs": "nixpkgs",
        "nixpkgs-darwin": "nixpkgs-darwin",
        "utils": "utils"
      },
      "locked": {
        "lastModified": 1785004096,
        "narHash": "sha256-8stbyRwnEwPMmni/U6iHGGBbi3uebfq60qlKXPgYwWI=",
        "owner": "schembriaiden",
        "repo": "helium-browser-nix-flake",
        "rev": "b356d11eff33ec730a51f9c88d258fdd72efe587",
        "type": "github"
      },
      "original": {
        "owner": "schembriaiden",
        "repo": "helium-browser-nix-flake",
        "type": "github"
      }
    },
    "home-manager": {
      "inputs": {
        "nixpkgs": [
          "nixpkgs"
        ]
      },
      "locked": {
        "lastModified": 1784725727,
        "narHash": "sha256-J5+C9wsO0lhDyUalQzfplDbRjyHDYeEH5+9sdyXtwa8=",
        "owner": "nix-community",
        "repo": "home-manager",
        "rev": "041a999e8c1c5b731913855909e68d30ca69b8e0",
        "type": "github"
      },
      "original": {
        "owner": "nix-community",
        "repo": "home-manager",
        "type": "github"
      }
    },
    "nixpkgs": {
      "locked": {
        "lastModified": 1784796856,
        "narHash": "sha256-wWFrV5/Qbm+lyt5x20E/bSbfJiGKMo4RCxZV8cl/WZI=",
        "owner": "NixOS",
        "repo": "nixpkgs",
        "rev": "e2587caef70cea85dd97d7daab492899902dbf5d",
        "type": "github"
      },
      "original": {
        "owner": "NixOS",
        "ref": "nixos-unstable",
        "repo": "nixpkgs",
        "type": "github"
      }
    },
    "nixpkgs-darwin": {
      "locked": {
        "lastModified": 1784834831,
        "narHash": "sha256-yj0LPLnsmYoLmA3FGANjeTEwej0/DHjZBXWnDQDUuIs=",
        "owner": "NixOS",
        "repo": "nixpkgs",
        "rev": "51fe96f9107566e6b8eeb7fc4ba696c01e548b04",
        "type": "github"
      },
      "original": {
        "owner": "NixOS",
        "ref": "nixpkgs-26.05-darwin",
        "repo": "nixpkgs",
        "type": "github"
      }
    },
    "nixpkgs_2": {
      "locked": {
        "lastModified": 1784497964,
        "narHash": "sha256-vlHUuqAcbcH2RKmHbPiuQzbv1pnzzavXnI62RD0bqCU=",
        "owner": "nixos",
        "repo": "nixpkgs",
        "rev": "241313f4e8e508cb9b13278c2b0fa25b9ca27163",
        "type": "github"
      },
      "original": {
        "owner": "nixos",
        "ref": "nixos-unstable",
        "repo": "nixpkgs",
        "type": "github"
      }
    },
    "noctalia": {
      "inputs": {
        "nixpkgs": [
          "nixpkgs"
        ]
      },
      "locked": {
        "lastModified": 1784733945,
        "narHash": "sha256-ZeLOO8NfReTBJO3vW55XPjbuCYgihJEQdpQAdExu17o=",
        "owner": "noctalia-dev",
        "repo": "noctalia",
        "rev": "6b9547f323ae3e863a3de62cb88c7555e09cbe77",
        "type": "github"
      },
      "original": {
        "owner": "noctalia-dev",
        "repo": "noctalia",
        "type": "github"
      }
    },
    "root": {
      "inputs": {
        "ambxst": "ambxst",
        "helium": "helium",
        "home-manager": "home-manager",
        "nixpkgs": "nixpkgs_2",
        "noctalia": "noctalia",
        "zen-browser": "zen-browser"
      }
    },
    "systems": {
      "locked": {
        "lastModified": 1681028828,
        "narHash": "sha256-Vy1rq5AaRuLzOxct8nz4T6wlgyUR7zLU309k9mBC768=",
        "owner": "nix-systems",
        "repo": "default",
        "rev": "da67096a3b9bf56a91d16901293e51ba5b49a27e",
        "type": "github"
      },
      "original": {
        "owner": "nix-systems",
        "repo": "default",
        "type": "github"
      }
    },
    "utils": {
      "inputs": {
        "systems": "systems"
      },
      "locked": {
        "lastModified": 1731533236,
        "narHash": "sha256-l0KFg5HjrsfsO/JpG+r7fRrqm12kzFHyUHqHCVpMMbI=",
        "owner": "numtide",
        "repo": "flake-utils",
        "rev": "11707dc2f618dd54ca8739b309ec4fc024de578b",
        "type": "github"
      },
      "original": {
        "owner": "numtide",
        "repo": "flake-utils",
        "type": "github"
      }
    },
    "zen-browser": {
      "inputs": {
        "nixpkgs": [
          "nixpkgs"
        ]
      },
      "locked": {
        "lastModified": 1784354557,
        "narHash": "sha256-z2XthIV/68GNghbqmaPVrShPIfMPwpZKTA47REKC5bA=",
        "owner": "youwen5",
        "repo": "zen-browser-flake",
        "rev": "239dc504b56eabcfc1dce945e7e22ca99694be89",
        "type": "github"
      },
      "original": {
        "owner": "youwen5",
        "repo": "zen-browser-flake",
        "type": "github"
      }
    }
  },
  "root": "root",
  "version": 7
}
